// !$*UTF8*$!
{
	archiveVersion = 1;
	classes = {
	};
	objectVersion = 56;
	objects = {

/* Begin PBXBuildFile section */
		186BC7FE29764BD300671D44 /* MusicDetailsView.swift in Sources */ = {isa = PBXBuildFile; fileRef = 186BC7FD29764BD300671D44 /* MusicDetailsView.swift */; };
		186BC801297693EC00671D44 /* Extensions.swift in Sources */ = {isa = PBXBuildFile; fileRef = 186BC800297693EC00671D44 /* Extensions.swift */; };
		1871CEFF296EA06F00ACCA63 /* SwiftUiTemplateApp.swift in Sources */ = {isa = PBXBuildFile; fileRef = 1871CEFE296EA06F00ACCA63 /* SwiftUiTemplateApp.swift */; };
		1871CF03296EA07100ACCA63 /* Assets.xcassets in Resources */ = {isa = PBXBuildFile; fileRef = 1871CF02296EA07100ACCA63 /* Assets.xcassets */; };
		1871CF06296EA07100ACCA63 /* Preview Assets.xcassets in Resources */ = {isa = PBXBuildFile; fileRef = 1871CF05296EA07100ACCA63 /* Preview Assets.xcassets */; };
		1871CF10296EA07100ACCA63 /* SwiftUiTemplateTests.swift in Sources */ = {isa = PBXBuildFile; fileRef = 1871CF0F296EA07100ACCA63 /* SwiftUiTemplateTests.swift */; };
		1871CF1A296EA07100ACCA63 /* SwiftUiTemplateUITests.swift in Sources */ = {isa = PBXBuildFile; fileRef = 1871CF19296EA07100ACCA63 /* SwiftUiTemplateUITests.swift */; };
		1871CF1C296EA07100ACCA63 /* SwiftUiTemplateUITestsLaunchTests.swift in Sources */ = {isa = PBXBuildFile; fileRef = 1871CF1B296EA07100ACCA63 /* SwiftUiTemplateUITestsLaunchTests.swift */; };
		1871CF2D296EA12500ACCA63 /* SearchItemView.swift in Sources */ = {isa = PBXBuildFile; fileRef = 1871CF2C296EA12500ACCA63 /* SearchItemView.swift */; };
		1871CF2F296EA15200ACCA63 /* SearchPageView.swift in Sources */ = {isa = PBXBuildFile; fileRef = 1871CF2E296EA15200ACCA63 /* SearchPageView.swift */; };
		188F5A24296FD1B8001BABF2 /* SearchDataModel.swift in Sources */ = {isa = PBXBuildFile; fileRef = 188F5A23296FD1B8001BABF2 /* SearchDataModel.swift */; };
		188F5A2829701AC3001BABF2 /* SDWebImageSwiftUI in Frameworks */ = {isa = PBXBuildFile; productRef = 188F5A2729701AC3001BABF2 /* SDWebImageSwiftUI */; };
		18A0BB25299A368E00493164 /* SDWebImageSwiftUI in Frameworks */ = {isa = PBXBuildFile; productRef = 18A0BB24299A368E00493164 /* SDWebImageSwiftUI */; };
		18A0BB27299A369200493164 /* SDWebImageSwiftUI in Frameworks */ = {isa = PBXBuildFile; productRef = 18A0BB26299A369200493164 /* SDWebImageSwiftUI */; };
		18D097B8296EA5780083B171 /* NetworkManager.swift in Sources */ = {isa = PBXBuildFile; fileRef = 18D097B7296EA5780083B171 /* NetworkManager.swift */; };
		18D097BA296EBCAD0083B171 /* SearchViewModel.swift in Sources */ = {isa = PBXBuildFile; fileRef = 18D097B9296EBCAD0083B171 /* SearchViewModel.swift */; };
/* End PBXBuildFile section */

/* Begin PBXContainerItemProxy section */
		1871CF0C296EA07100ACCA63 /* PBXContainerItemProxy */ = {
			isa = PBXContainerItemProxy;
			containerPortal = 1871CEF3296EA06F00ACCA63 /* Project object */;
			proxyType = 1;
			remoteGlobalIDString = 1871CEFA296EA06F00ACCA63;
			remoteInfo = SwiftUiTemplate;
		};
		1871CF16296EA07100ACCA63 /* PBXContainerItemProxy */ = {
			isa = PBXContainerItemProxy;
			containerPortal = 1871CEF3296EA06F00ACCA63 /* Project object */;
			proxyType = 1;
			remoteGlobalIDString = 1871CEFA296EA06F00ACCA63;
			remoteInfo = SwiftUiTemplate;
		};
/* End PBXContainerItemProxy section */

/* Begin PBXFileReference section */
		186BC7FD29764BD300671D44 /* MusicDetailsView.swift */ = {isa = PBXFileReference; lastKnownFileType = sourcecode.swift; path = MusicDetailsView.swift; sourceTree = "<group>"; };
		186BC800297693EC00671D44 /* Extensions.swift */ = {isa = PBXFileReference; lastKnownFileType = sourcecode.swift; path = Extensions.swift; sourceTree = "<group>"; };
		1871CEFB296EA06F00ACCA63 /* SwiftUiTemplate.app */ = {isa = PBXFileReference; explicitFileType = wrapper.application; includeInIndex = 0; path = SwiftUiTemplate.app; sourceTree = BUILT_PRODUCTS_DIR; };
		1871CEFE296EA06F00ACCA63 /* SwiftUiTemplateApp.swift */ = {isa = PBXFileReference; lastKnownFileType = sourcecode.swift; path = SwiftUiTemplateApp.swift; sourceTree = "<group>"; };
		1871CF02296EA07100ACCA63 /* Assets.xcassets */ = {isa = PBXFileReference; lastKnownFileType = folder.assetcatalog; path = Assets.xcassets; sourceTree = "<group>"; };
		1871CF05296EA07100ACCA63 /* Preview Assets.xcassets */ = {isa = PBXFileReference; lastKnownFileType = folder.assetcatalog; path = "Preview Assets.xcassets"; sourceTree = "<group>"; };
		1871CF0B296EA07100ACCA63 /* SwiftUiTemplateTests.xctest */ = {isa = PBXFileReference; explicitFileType = wrapper.cfbundle; includeInIndex = 0; path = SwiftUiTemplateTests.xctest; sourceTree = BUILT_PRODUCTS_DIR; };
		1871CF0F296EA07100ACCA63 /* SwiftUiTemplateTests.swift */ = {isa = PBXFileReference; lastKnownFileType = sourcecode.swift; path = SwiftUiTemplateTests.swift; sourceTree = "<group>"; };
		1871CF15296EA07100ACCA63 /* SwiftUiTemplateUITests.xctest */ = {isa = PBXFileReference; explicitFileType = wrapper.cfbundle; includeInIndex = 0; path = SwiftUiTemplateUITests.xctest; sourceTree = BUILT_PRODUCTS_DIR; };
		1871CF19296EA07100ACCA63 /* SwiftUiTemplateUITests.swift */ = {isa = PBXFileReference; lastKnownFileType = sourcecode.swift; path = SwiftUiTemplateUITests.swift; sourceTree = "<group>"; };
		1871CF1B296EA07100ACCA63 /* SwiftUiTemplateUITestsLaunchTests.swift */ = {isa = PBXFileReference; lastKnownFileType = sourcecode.swift; path = SwiftUiTemplateUITestsLaunchTests.swift; sourceTree = "<group>"; };
		1871CF2C296EA12500ACCA63 /* SearchItemView.swift */ = {isa = PBXFileReference; lastKnownFileType = sourcecode.swift; path = SearchItemView.swift; sourceTree = "<group>"; };
		1871CF2E296EA15200ACCA63 /* SearchPageView.swift */ = {isa = PBXFileReference; lastKnownFileType = sourcecode.swift; path = SearchPageView.swift; sourceTree = "<group>"; };
		188F5A23296FD1B8001BABF2 /* SearchDataModel.swift */ = {isa = PBXFileReference; lastKnownFileType = sourcecode.swift; path = SearchDataModel.swift; sourceTree = "<group>"; };
		188F5A25296FDFF0001BABF2 /* Info.plist */ = {isa = PBXFileReference; lastKnownFileType = text.plist; path = Info.plist; sourceTree = "<group>"; };
		18D097B7296EA5780083B171 /* NetworkManager.swift */ = {isa = PBXFileReference; lastKnownFileType = sourcecode.swift; path = NetworkManager.swift; sourceTree = "<group>"; };
		18D097B9296EBCAD0083B171 /* SearchViewModel.swift */ = {isa = PBXFileReference; lastKnownFileType = sourcecode.swift; path = SearchViewModel.swift; sourceTree = "<group>"; };
/* End PBXFileReference section */

/* Begin PBXFrameworksBuildPhase section */
		1871CEF8296EA06F00ACCA63 /* Frameworks */ = {
			isa = PBXFrameworksBuildPhase;
			buildActionMask = 2147483647;
			files = (
				188F5A2829701AC3001BABF2 /* SDWebImageSwiftUI in Frameworks */,
			);
			runOnlyForDeploymentPostprocessing = 0;
		};
		1871CF08296EA07100ACCA63 /* Frameworks */ = {
			isa = PBXFrameworksBuildPhase;
			buildActionMask = 2147483647;
			files = (
				18A0BB25299A368E00493164 /* SDWebImageSwiftUI in Frameworks */,
			);
			runOnlyForDeploymentPostprocessing = 0;
		};
		1871CF12296EA07100ACCA63 /* Frameworks */ = {
			isa = PBXFrameworksBuildPhase;
			buildActionMask = 2147483647;
			files = (
				18A0BB27299A369200493164 /* SDWebImageSwiftUI in Frameworks */,
			);
			runOnlyForDeploymentPostprocessing = 0;
		};
/* End PBXFrameworksBuildPhase section */

/* Begin PBXGroup section */
		186BC7FF297693DD00671D44 /* Extensions */ = {
			isa = PBXGroup;
			children = (
				186BC800297693EC00671D44 /* Extensions.swift */,
			);
			path = Extensions;
			sourceTree = "<group>";
		};
		1871CEF2296EA06F00ACCA63 = {
			isa = PBXGroup;
			children = (
				1871CEFD296EA06F00ACCA63 /* SwiftUiTemplate */,
				1871CF0E296EA07100ACCA63 /* SwiftUiTemplateTests */,
				1871CF18296EA07100ACCA63 /* SwiftUiTemplateUITests */,
				1871CEFC296EA06F00ACCA63 /* Products */,
				18A0BB23299A368E00493164 /* Frameworks */,
			);
			sourceTree = "<group>";
		};
		1871CEFC296EA06F00ACCA63 /* Products */ = {
			isa = PBXGroup;
			children = (
				1871CEFB296EA06F00ACCA63 /* SwiftUiTemplate.app */,
				1871CF0B296EA07100ACCA63 /* SwiftUiTemplateTests.xctest */,
				1871CF15296EA07100ACCA63 /* SwiftUiTemplateUITests.xctest */,
			);
			name = Products;
			sourceTree = "<group>";
		};
		1871CEFD296EA06F00ACCA63 /* SwiftUiTemplate */ = {
			isa = PBXGroup;
			children = (
				186BC7FF297693DD00671D44 /* Extensions */,
				188F5A25296FDFF0001BABF2 /* Info.plist */,
				1871CF30296EA48C00ACCA63 /* Network */,
				1871CF28296EA0F100ACCA63 /* Search */,
				1871CEFE296EA06F00ACCA63 /* SwiftUiTemplateApp.swift */,
				1871CF02296EA07100ACCA63 /* Assets.xcassets */,
				1871CF04296EA07100ACCA63 /* Preview Content */,
			);
			path = SwiftUiTemplate;
			sourceTree = "<group>";
		};
		1871CF04296EA07100ACCA63 /* Preview Content */ = {
			isa = PBXGroup;
			children = (
				1871CF05296EA07100ACCA63 /* Preview Assets.xcassets */,
			);
			path = "Preview Content";
			sourceTree = "<group>";
		};
		1871CF0E296EA07100ACCA63 /* SwiftUiTemplateTests */ = {
			isa = PBXGroup;
			children = (
				1871CF0F296EA07100ACCA63 /* SwiftUiTemplateTests.swift */,
			);
			path = SwiftUiTemplateTests;
			sourceTree = "<group>";
		};
		1871CF18296EA07100ACCA63 /* SwiftUiTemplateUITests */ = {
			isa = PBXGroup;
			children = (
				1871CF19296EA07100ACCA63 /* SwiftUiTemplateUITests.swift */,
				1871CF1B296EA07100ACCA63 /* SwiftUiTemplateUITestsLaunchTests.swift */,
			);
			path = SwiftUiTemplateUITests;
			sourceTree = "<group>";
		};
		1871CF28296EA0F100ACCA63 /* Search */ = {
			isa = PBXGroup;
			children = (
				1871CF2B296EA10900ACCA63 /* Views */,
				1871CF2A296EA10200ACCA63 /* DataModel */,
				1871CF29296EA0F900ACCA63 /* ViewModel */,
			);
			path = Search;
			sourceTree = "<group>";
		};
		1871CF29296EA0F900ACCA63 /* ViewModel */ = {
			isa = PBXGroup;
			children = (
				18D097B9296EBCAD0083B171 /* SearchViewModel.swift */,
			);
			path = ViewModel;
			sourceTree = "<group>";
		};
		1871CF2A296EA10200ACCA63 /* DataModel */ = {
			isa = PBXGroup;
			children = (
				188F5A23296FD1B8001BABF2 /* SearchDataModel.swift */,
			);
			path = DataModel;
			sourceTree = "<group>";
		};
		1871CF2B296EA10900ACCA63 /* Views */ = {
			isa = PBXGroup;
			children = (
				1871CF2C296EA12500ACCA63 /* SearchItemView.swift */,
				1871CF2E296EA15200ACCA63 /* SearchPageView.swift */,
				186BC7FD29764BD300671D44 /* MusicDetailsView.swift */,
			);
			path = Views;
			sourceTree = "<group>";
		};
		1871CF30296EA48C00ACCA63 /* Network */ = {
			isa = PBXGroup;
			children = (
				18D097B7296EA5780083B171 /* NetworkManager.swift */,
			);
			path = Network;
			sourceTree = "<group>";
		};
		18A0BB23299A368E00493164 /* Frameworks */ = {
			isa = PBXGroup;
			children = (
			);
			name = Frameworks;
			sourceTree = "<group>";
		};
/* End PBXGroup section */

/* Begin PBXNativeTarget section */
		1871CEFA296EA06F00ACCA63 /* SwiftUiTemplate */ = {
			isa = PBXNativeTarget;
			buildConfigurationList = 1871CF1F296EA07100ACCA63 /* Build configuration list for PBXNativeTarget "SwiftUiTemplate" */;
			buildPhases = (
				1871CEF7296EA06F00ACCA63 /* Sources */,
				1871CEF8296EA06F00ACCA63 /* Frameworks */,
				1871CEF9296EA06F00ACCA63 /* Resources */,
				18A0BB22299A1B4900493164 /* ShellScript */,
			);
			buildRules = (
			);
			dependencies = (
			);
			name = SwiftUiTemplate;
			packageProductDependencies = (
				188F5A2729701AC3001BABF2 /* SDWebImageSwiftUI */,
			);
			productName = SwiftUiTemplate;
			productReference = 1871CEFB296EA06F00ACCA63 /* SwiftUiTemplate.app */;
			productType = "com.apple.product-type.application";
		};
		1871CF0A296EA07100ACCA63 /* SwiftUiTemplateTests */ = {
			isa = PBXNativeTarget;
			buildConfigurationList = 1871CF22296EA07100ACCA63 /* Build configuration list for PBXNativeTarget "SwiftUiTemplateTests" */;
			buildPhases = (
				1871CF07296EA07100ACCA63 /* Sources */,
				1871CF08296EA07100ACCA63 /* Frameworks */,
				1871CF09296EA07100ACCA63 /* Resources */,
			);
			buildRules = (
			);
			dependencies = (
				1871CF0D296EA07100ACCA63 /* PBXTargetDependency */,
			);
			name = SwiftUiTemplateTests;
			packageProductDependencies = (
				18A0BB24299A368E00493164 /* SDWebImageSwiftUI */,
			);
			productName = SwiftUiTemplateTests;
			productReference = 1871CF0B296EA07100ACCA63 /* SwiftUiTemplateTests.xctest */;
			productType = "com.apple.product-type.bundle.unit-test";
		};
		1871CF14296EA07100ACCA63 /* SwiftUiTemplateUITests */ = {
			isa = PBXNativeTarget;
			buildConfigurationList = 1871CF25296EA07100ACCA63 /* Build configuration list for PBXNativeTarget "SwiftUiTemplateUITests" */;
			buildPhases = (
				1871CF11296EA07100ACCA63 /* Sources */,
				1871CF12296EA07100ACCA63 /* Frameworks */,
				1871CF13296EA07100ACCA63 /* Resources */,
			);
			buildRules = (
			);
			dependencies = (
				1871CF17296EA07100ACCA63 /* PBXTargetDependency */,
			);
			name = SwiftUiTemplateUITests;
			packageProductDependencies = (
				18A0BB26299A369200493164 /* SDWebImageSwiftUI */,
			);
			productName = SwiftUiTemplateUITests;
			productReference = 1871CF15296EA07100ACCA63 /* SwiftUiTemplateUITests.xctest */;
			productType = "com.apple.product-type.bundle.ui-testing";
		};
/* End PBXNativeTarget section */

/* Begin PBXProject section */
		1871CEF3296EA06F00ACCA63 /* Project object */ = {
			isa = PBXProject;
			attributes = {
				BuildIndependentTargetsInParallel = 1;
				LastSwiftUpdateCheck = 1400;
				LastUpgradeCheck = 1400;
				TargetAttributes = {
					1871CEFA296EA06F00ACCA63 = {
						CreatedOnToolsVersion = 14.0;
					};
					1871CF0A296EA07100ACCA63 = {
						CreatedOnToolsVersion = 14.0;
						TestTargetID = 1871CEFA296EA06F00ACCA63;
					};
					1871CF14296EA07100ACCA63 = {
						CreatedOnToolsVersion = 14.0;
						TestTargetID = 1871CEFA296EA06F00ACCA63;
					};
				};
			};
			buildConfigurationList = 1871CEF6296EA06F00ACCA63 /* Build configuration list for PBXProject "SwiftUiTemplate" */;
			compatibilityVersion = "Xcode 14.0";
			developmentRegion = en;
			hasScannedForEncodings = 0;
			knownRegions = (
				en,
				Base,
			);
			mainGroup = 1871CEF2296EA06F00ACCA63;
			packageReferences = (
				188F5A2629701AC3001BABF2 /* XCRemoteSwiftPackageReference "SDWebImageSwiftUI" */,
			);
			productRefGroup = 1871CEFC296EA06F00ACCA63 /* Products */;
			projectDirPath = "";
			projectRoot = "";
			targets = (
				1871CEFA296EA06F00ACCA63 /* SwiftUiTemplate */,
				1871CF0A296EA07100ACCA63 /* SwiftUiTemplateTests */,
				1871CF14296EA07100ACCA63 /* SwiftUiTemplateUITests */,
			);
		};
/* End PBXProject section */

/* Begin PBXResourcesBuildPhase section */
		1871CEF9296EA06F00ACCA63 /* Resources */ = {
			isa = PBXResourcesBuildPhase;
			buildActionMask = 2147483647;
			files = (
				1871CF06296EA07100ACCA63 /* Preview Assets.xcassets in Resources */,
				1871CF03296EA07100ACCA63 /* Assets.xcassets in Resources */,
			);
			runOnlyForDeploymentPostprocessing = 0;
		};
		1871CF09296EA07100ACCA63 /* Resources */ = {
			isa = PBXResourcesBuildPhase;
			buildActionMask = 2147483647;
			files = (
			);
			runOnlyForDeploymentPostprocessing = 0;
		};
		1871CF13296EA07100ACCA63 /* Resources */ = {
			isa = PBXResourcesBuildPhase;
			buildActionMask = 2147483647;
			files = (
			);
			runOnlyForDeploymentPostprocessing = 0;
		};
/* End PBXResourcesBuildPhase section */

/* Begin PBXShellScriptBuildPhase section */
		18A0BB22299A1B4900493164 /* ShellScript */ = {
			isa = PBXShellScriptBuildPhase;
			buildActionMask = 2147483647;
			files = (
			);
			inputFileListPaths = (
			);
			inputPaths = (
			);
			outputFileListPaths = (
			);
			outputPaths = (
			);
			runOnlyForDeploymentPostprocessing = 0;
			shellPath = /bin/sh;
			shellScript = "# Type a script or drag a script file from your workspace to insert its path.\nexport PATH=\"$PATH:/opt/homebrew/bin\"\nif which swiftlint > /dev/null; then\n  swiftlint\nelse\n  echo \"warning: SwiftLint not installed, download from https://github.com/realm/SwiftLint\"\nfi\n";
		};
/* End PBXShellScriptBuildPhase section */

/* Begin PBXSourcesBuildPhase section */
		1871CEF7296EA06F00ACCA63 /* Sources */ = {
			isa = PBXSourcesBuildPhase;
			buildActionMask = 2147483647;
			files = (
				18D097BA296EBCAD0083B171 /* SearchViewModel.swift in Sources */,
				1871CF2F296EA15200ACCA63 /* SearchPageView.swift in Sources */,
				18D097B8296EA5780083B171 /* NetworkManager.swift in Sources */,
				186BC801297693EC00671D44 /* Extensions.swift in Sources */,
				1871CEFF296EA06F00ACCA63 /* SwiftUiTemplateApp.swift in Sources */,
				1871CF2D296EA12500ACCA63 /* SearchItemView.swift in Sources */,
				188F5A24296FD1B8001BABF2 /* SearchDataModel.swift in Sources */,
				186BC7FE29764BD300671D44 /* MusicDetailsView.swift in Sources */,
			);
			runOnlyForDeploymentPostprocessing = 0;
		};
		1871CF07296EA07100ACCA63 /* Sources */ = {
			isa = PBXSourcesBuildPhase;
			buildActionMask = 2147483647;
			files = (
				1871CF10296EA07100ACCA63 /* SwiftUiTemplateTests.swift in Sources */,
			);
			runOnlyForDeploymentPostprocessing = 0;
		};
		1871CF11296EA07100ACCA63 /* Sources */ = {
			isa = PBXSourcesBuildPhase;
			buildActionMask = 2147483647;
			files = (
				1871CF1C296EA07100ACCA63 /* SwiftUiTemplateUITestsLaunchTests.swift in Sources */,
				1871CF1A296EA07100ACCA63 /* SwiftUiTemplateUITests.swift in Sources */,
			);
			runOnlyForDeploymentPostprocessing = 0;
		};
/* End PBXSourcesBuildPhase section */

/* Begin PBXTargetDependency section */
		1871CF0D296EA07100ACCA63 /* PBXTargetDependency */ = {
			isa = PBXTargetDependency;
			target = 1871CEFA296EA06F00ACCA63 /* SwiftUiTemplate */;
			targetProxy = 1871CF0C296EA07100ACCA63 /* PBXContainerItemProxy */;
		};
		1871CF17296EA07100ACCA63 /* PBXTargetDependency */ = {
			isa = PBXTargetDependency;
			target = 1871CEFA296EA06F00ACCA63 /* SwiftUiTemplate */;
			targetProxy = 1871CF16296EA07100ACCA63 /* PBXContainerItemProxy */;
		};
/* End PBXTargetDependency section */

/* Begin XCBuildConfiguration section */
		1871CF1D296EA07100ACCA63 /* Debug */ = {
			isa = XCBuildConfiguration;
			buildSettings = {
				ALWAYS_SEARCH_USER_PATHS = NO;
				CLANG_ANALYZER_NONNULL = YES;
				CLANG_ANALYZER_NUMBER_OBJECT_CONVERSION = YES_AGGRESSIVE;
				CLANG_CXX_LANGUAGE_STANDARD = "gnu++20";
				CLANG_ENABLE_MODULES = YES;
				CLANG_ENABLE_OBJC_ARC = YES;
				CLANG_ENABLE_OBJC_WEAK = YES;
				CLANG_WARN_BLOCK_CAPTURE_AUTORELEASING = YES;
				CLANG_WARN_BOOL_CONVERSION = YES;
				CLANG_WARN_COMMA = YES;
				CLANG_WARN_CONSTANT_CONVERSION = YES;
				CLANG_WARN_DEPRECATED_OBJC_IMPLEMENTATIONS = YES;
				CLANG_WARN_DIRECT_OBJC_ISA_USAGE = YES_ERROR;
				CLANG_WARN_DOCUMENTATION_COMMENTS = YES;
				CLANG_WARN_EMPTY_BODY = YES;
				CLANG_WARN_ENUM_CONVERSION = YES;
				CLANG_WARN_INFINITE_RECURSION = YES;
				CLANG_WARN_INT_CONVERSION = YES;
				CLANG_WARN_NON_LITERAL_NULL_CONVERSION = YES;
				CLANG_WARN_OBJC_IMPLICIT_RETAIN_SELF = YES;
				CLANG_WARN_OBJC_LITERAL_CONVERSION = YES;
				CLANG_WARN_OBJC_ROOT_CLASS = YES_ERROR;
				CLANG_WARN_QUOTED_INCLUDE_IN_FRAMEWORK_HEADER = YES;
				CLANG_WARN_RANGE_LOOP_ANALYSIS = YES;
				CLANG_WARN_STRICT_PROTOTYPES = YES;
				CLANG_WARN_SUSPICIOUS_MOVE = YES;
				CLANG_WARN_UNGUARDED_AVAILABILITY = YES_AGGRESSIVE;
				CLANG_WARN_UNREACHABLE_CODE = YES;
				CLANG_WARN__DUPLICATE_METHOD_MATCH = YES;
				COPY_PHASE_STRIP = NO;
				DEBUG_INFORMATION_FORMAT = dwarf;
				ENABLE_STRICT_OBJC_MSGSEND = YES;
				ENABLE_TESTABILITY = YES;
				GCC_C_LANGUAGE_STANDARD = gnu11;
				GCC_DYNAMIC_NO_PIC = NO;
				GCC_NO_COMMON_BLOCKS = YES;
				GCC_OPTIMIZATION_LEVEL = 0;
				GCC_PREPROCESSOR_DEFINITIONS = (
					"DEBUG=1",
					"$(inherited)",
				);
				GCC_WARN_64_TO_32_BIT_CONVERSION = YES;
				GCC_WARN_ABOUT_RETURN_TYPE = YES_ERROR;
				GCC_WARN_UNDECLARED_SELECTOR = YES;
				GCC_WARN_UNINITIALIZED_AUTOS = YES_AGGRESSIVE;
				GCC_WARN_UNUSED_FUNCTION = YES;
				GCC_WARN_UNUSED_VARIABLE = YES;
				IPHONEOS_DEPLOYMENT_TARGET = 16.0;
				MTL_ENABLE_DEBUG_INFO = INCLUDE_SOURCE;
				MTL_FAST_MATH = YES;
				ONLY_ACTIVE_ARCH = YES;
				SDKROOT = iphoneos;
				SWIFT_ACTIVE_COMPILATION_CONDITIONS = DEBUG;
				SWIFT_OPTIMIZATION_LEVEL = "-Onone";
			};
			name = Debug;
		};
		1871CF1E296EA07100ACCA63 /* Release */ = {
			isa = XCBuildConfiguration;
			buildSettings = {
				ALWAYS_SEARCH_USER_PATHS = NO;
				CLANG_ANALYZER_NONNULL = YES;
				CLANG_ANALYZER_NUMBER_OBJECT_CONVERSION = YES_AGGRESSIVE;
				CLANG_CXX_LANGUAGE_STANDARD = "gnu++20";
				CLANG_ENABLE_MODULES = YES;
				CLANG_ENABLE_OBJC_ARC = YES;
				CLANG_ENABLE_OBJC_WEAK = YES;
				CLANG_WARN_BLOCK_CAPTURE_AUTORELEASING = YES;
				CLANG_WARN_BOOL_CONVERSION = YES;
				CLANG_WARN_COMMA = YES;
				CLANG_WARN_CONSTANT_CONVERSION = YES;
				CLANG_WARN_DEPRECATED_OBJC_IMPLEMENTATIONS = YES;
				CLANG_WARN_DIRECT_OBJC_ISA_USAGE = YES_ERROR;
				CLANG_WARN_DOCUMENTATION_COMMENTS = YES;
				CLANG_WARN_EMPTY_BODY = YES;
				CLANG_WARN_ENUM_CONVERSION = YES;
				CLANG_WARN_INFINITE_RECURSION = YES;
				CLANG_WARN_INT_CONVERSION = YES;
				CLANG_WARN_NON_LITERAL_NULL_CONVERSION = YES;
				CLANG_WARN_OBJC_IMPLICIT_RETAIN_SELF = YES;
				CLANG_WARN_OBJC_LITERAL_CONVERSION = YES;
				CLANG_WARN_OBJC_ROOT_CLASS = YES_ERROR;
				CLANG_WARN_QUOTED_INCLUDE_IN_FRAMEWORK_HEADER = YES;
				CLANG_WARN_RANGE_LOOP_ANALYSIS = YES;
				CLANG_WARN_STRICT_PROTOTYPES = YES;
				CLANG_WARN_SUSPICIOUS_MOVE = YES;
				CLANG_WARN_UNGUARDED_AVAILABILITY = YES_AGGRESSIVE;
				CLANG_WARN_UNREACHABLE_CODE = YES;
				CLANG_WARN__DUPLICATE_METHOD_MATCH = YES;
				COPY_PHASE_STRIP = NO;
				DEBUG_INFORMATION_FORMAT = "dwarf-with-dsym";
				ENABLE_NS_ASSERTIONS = NO;
				ENABLE_STRICT_OBJC_MSGSEND = YES;
				GCC_C_LANGUAGE_STANDARD = gnu11;
				GCC_NO_COMMON_BLOCKS = YES;
				GCC_WARN_64_TO_32_BIT_CONVERSION = YES;
				GCC_WARN_ABOUT_RETURN_TYPE = YES_ERROR;
				GCC_WARN_UNDECLARED_SELECTOR = YES;
				GCC_WARN_UNINITIALIZED_AUTOS = YES_AGGRESSIVE;
				GCC_WARN_UNUSED_FUNCTION = YES;
				GCC_WARN_UNUSED_VARIABLE = YES;
				IPHONEOS_DEPLOYMENT_TARGET = 16.0;
				MTL_ENABLE_DEBUG_INFO = NO;
				MTL_FAST_MATH = YES;
				SDKROOT = iphoneos;
				SWIFT_COMPILATION_MODE = wholemodule;
				SWIFT_OPTIMIZATION_LEVEL = "-O";
				VALIDATE_PRODUCT = YES;
			};
			name = Release;
		};
		1871CF20296EA07100ACCA63 /* Debug */ = {
			isa = XCBuildConfiguration;
			buildSettings = {
				ASSETCATALOG_COMPILER_APPICON_NAME = AppIcon;
				ASSETCATALOG_COMPILER_GLOBAL_ACCENT_COLOR_NAME = AccentColor;
				CODE_SIGN_STYLE = Automatic;
				CURRENT_PROJECT_VERSION = 1;
				DEVELOPMENT_ASSET_PATHS = "\"SwiftUiTemplate/Preview Content\"";
				ENABLE_PREVIEWS = YES;
				GENERATE_INFOPLIST_FILE = YES;
				INFOPLIST_FILE = SwiftUiTemplate/Info.plist;
				INFOPLIST_KEY_UIApplicationSceneManifest_Generation = YES;
				INFOPLIST_KEY_UIApplicationSupportsIndirectInputEvents = YES;
				INFOPLIST_KEY_UILaunchScreen_Generation = YES;
				INFOPLIST_KEY_UISupportedInterfaceOrientations_iPad = "UIInterfaceOrientationPortrait UIInterfaceOrientationPortraitUpsideDown UIInterfaceOrientationLandscapeLeft UIInterfaceOrientationLandscapeRight";
				INFOPLIST_KEY_UISupportedInterfaceOrientations_iPhone = "UIInterfaceOrientationPortrait UIInterfaceOrientationLandscapeLeft UIInterfaceOrientationLandscapeRight";
				LD_RUNPATH_SEARCH_PATHS = (
					"$(inherited)",
					"@executable_path/Frameworks",
				);
				MARKETING_VERSION = 1.0;
				PRODUCT_BUNDLE_IDENTIFIER = com.wednesday.SwiftUiTemplate;
				PRODUCT_NAME = "$(TARGET_NAME)";
				SWIFT_EMIT_LOC_STRINGS = YES;
				SWIFT_VERSION = 5.0;
				TARGETED_DEVICE_FAMILY = "1,2";
			};
			name = Debug;
		};
		1871CF21296EA07100ACCA63 /* Release */ = {
			isa = XCBuildConfiguration;
			buildSettings = {
				ASSETCATALOG_COMPILER_APPICON_NAME = AppIcon;
				ASSETCATALOG_COMPILER_GLOBAL_ACCENT_COLOR_NAME = AccentColor;
				CODE_SIGN_STYLE = Automatic;
				CURRENT_PROJECT_VERSION = 1;
				DEVELOPMENT_ASSET_PATHS = "\"SwiftUiTemplate/Preview Content\"";
				ENABLE_PREVIEWS = YES;
				GENERATE_INFOPLIST_FILE = YES;
				INFOPLIST_FILE = SwiftUiTemplate/Info.plist;
				INFOPLIST_KEY_UIApplicationSceneManifest_Generation = YES;
				INFOPLIST_KEY_UIApplicationSupportsIndirectInputEvents = YES;
				INFOPLIST_KEY_UILaunchScreen_Generation = YES;
				INFOPLIST_KEY_UISupportedInterfaceOrientations_iPad = "UIInterfaceOrientationPortrait UIInterfaceOrientationPortraitUpsideDown UIInterfaceOrientationLandscapeLeft UIInterfaceOrientationLandscapeRight";
				INFOPLIST_KEY_UISupportedInterfaceOrientations_iPhone = "UIInterfaceOrientationPortrait UIInterfaceOrientationLandscapeLeft UIInterfaceOrientationLandscapeRight";
				LD_RUNPATH_SEARCH_PATHS = (
					"$(inherited)",
					"@executable_path/Frameworks",
				);
				MARKETING_VERSION = 1.0;
				PRODUCT_BUNDLE_IDENTIFIER = com.wednesday.SwiftUiTemplate;
				PRODUCT_NAME = "$(TARGET_NAME)";
				SWIFT_EMIT_LOC_STRINGS = YES;
				SWIFT_VERSION = 5.0;
				TARGETED_DEVICE_FAMILY = "1,2";
			};
			name = Release;
		};
		1871CF23296EA07100ACCA63 /* Debug */ = {
			isa = XCBuildConfiguration;
			buildSettings = {
				ALWAYS_EMBED_SWIFT_STANDARD_LIBRARIES = YES;
				BUNDLE_LOADER = "$(TEST_HOST)";
				CODE_SIGN_STYLE = Automatic;
				CURRENT_PROJECT_VERSION = 1;
				GENERATE_INFOPLIST_FILE = YES;
				IPHONEOS_DEPLOYMENT_TARGET = 16.0;
				MARKETING_VERSION = 1.0;
				PRODUCT_BUNDLE_IDENTIFIER = com.wednesday.SwiftUiTemplateTests;
				PRODUCT_NAME = "$(TARGET_NAME)";
				SUPPORTED_PLATFORMS = "iphoneos iphonesimulator";
				SUPPORTS_MACCATALYST = NO;
				SUPPORTS_MAC_DESIGNED_FOR_IPHONE_IPAD = YES;
				SWIFT_EMIT_LOC_STRINGS = NO;
				SWIFT_VERSION = 5.0;
				TARGETED_DEVICE_FAMILY = "1,2";
				TEST_HOST = "$(BUILT_PRODUCTS_DIR)/SwiftUiTemplate.app/$(BUNDLE_EXECUTABLE_FOLDER_PATH)/SwiftUiTemplate";
			};
			name = Debug;
		};
		1871CF24296EA07100ACCA63 /* Release */ = {
			isa = XCBuildConfiguration;
			buildSettings = {
				ALWAYS_EMBED_SWIFT_STANDARD_LIBRARIES = YES;
				BUNDLE_LOADER = "$(TEST_HOST)";
				CODE_SIGN_STYLE = Automatic;
				CURRENT_PROJECT_VERSION = 1;
				GENERATE_INFOPLIST_FILE = YES;
				IPHONEOS_DEPLOYMENT_TARGET = 16.0;
				MARKETING_VERSION = 1.0;
				PRODUCT_BUNDLE_IDENTIFIER = com.wednesday.SwiftUiTemplateTests;
				PRODUCT_NAME = "$(TARGET_NAME)";
				SUPPORTED_PLATFORMS = "iphoneos iphonesimulator";
				SUPPORTS_MACCATALYST = NO;
				SUPPORTS_MAC_DESIGNED_FOR_IPHONE_IPAD = YES;
				SWIFT_EMIT_LOC_STRINGS = NO;
				SWIFT_VERSION = 5.0;
				TARGETED_DEVICE_FAMILY = "1,2";
				TEST_HOST = "$(BUILT_PRODUCTS_DIR)/SwiftUiTemplate.app/$(BUNDLE_EXECUTABLE_FOLDER_PATH)/SwiftUiTemplate";
			};
			name = Release;
		};
		1871CF26296EA07100ACCA63 /* Debug */ = {
			isa = XCBuildConfiguration;
			buildSettings = {
				ALWAYS_EMBED_SWIFT_STANDARD_LIBRARIES = YES;
				CODE_SIGN_STYLE = Automatic;
				CURRENT_PROJECT_VERSION = 1;
				GENERATE_INFOPLIST_FILE = YES;
				MARKETING_VERSION = 1.0;
				PRODUCT_BUNDLE_IDENTIFIER = com.wednesday.SwiftUiTemplateUITests;
				PRODUCT_NAME = "$(TARGET_NAME)";
				SUPPORTED_PLATFORMS = "iphoneos iphonesimulator";
				SUPPORTS_MACCATALYST = NO;
				SUPPORTS_MAC_DESIGNED_FOR_IPHONE_IPAD = YES;
				SWIFT_EMIT_LOC_STRINGS = NO;
				SWIFT_VERSION = 5.0;
				TARGETED_DEVICE_FAMILY = "1,2";
				TEST_TARGET_NAME = SwiftUiTemplate;
			};
			name = Debug;
		};
		1871CF27296EA07100ACCA63 /* Release */ = {
			isa = XCBuildConfiguration;
			buildSettings = {
				ALWAYS_EMBED_SWIFT_STANDARD_LIBRARIES = YES;
				CODE_SIGN_STYLE = Automatic;
				CURRENT_PROJECT_VERSION = 1;
				GENERATE_INFOPLIST_FILE = YES;
				MARKETING_VERSION = 1.0;
				PRODUCT_BUNDLE_IDENTIFIER = com.wednesday.SwiftUiTemplateUITests;
				PRODUCT_NAME = "$(TARGET_NAME)";
				SUPPORTED_PLATFORMS = "iphoneos iphonesimulator";
				SUPPORTS_MACCATALYST = NO;
				SUPPORTS_MAC_DESIGNED_FOR_IPHONE_IPAD = YES;
				SWIFT_EMIT_LOC_STRINGS = NO;
				SWIFT_VERSION = 5.0;
				TARGETED_DEVICE_FAMILY = "1,2";
				TEST_TARGET_NAME = SwiftUiTemplate;
			};
			name = Release;
		};
/* End XCBuildConfiguration section */

/* Begin XCConfigurationList section */
		1871CEF6296EA06F00ACCA63 /* Build configuration list for PBXProject "SwiftUiTemplate" */ = {
			isa = XCConfigurationList;
			buildConfigurations = (
				1871CF1D296EA07100ACCA63 /* Debug */,
				1871CF1E296EA07100ACCA63 /* Release */,
			);
			defaultConfigurationIsVisible = 0;
			defaultConfigurationName = Release;
		};
		1871CF1F296EA07100ACCA63 /* Build configuration list for PBXNativeTarget "SwiftUiTemplate" */ = {
			isa = XCConfigurationList;
			buildConfigurations = (
				1871CF20296EA07100ACCA63 /* Debug */,
				1871CF21296EA07100ACCA63 /* Release */,
			);
			defaultConfigurationIsVisible = 0;
			defaultConfigurationName = Release;
		};
		1871CF22296EA07100ACCA63 /* Build configuration list for PBXNativeTarget "SwiftUiTemplateTests" */ = {
			isa = XCConfigurationList;
			buildConfigurations = (
				1871CF23296EA07100ACCA63 /* Debug */,
				1871CF24296EA07100ACCA63 /* Release */,
			);
			defaultConfigurationIsVisible = 0;
			defaultConfigurationName = Release;
		};
		1871CF25296EA07100ACCA63 /* Build configuration list for PBXNativeTarget "SwiftUiTemplateUITests" */ = {
			isa = XCConfigurationList;
			buildConfigurations = (
				1871CF26296EA07100ACCA63 /* Debug */,
				1871CF27296EA07100ACCA63 /* Release */,
			);
			defaultConfigurationIsVisible = 0;
			defaultConfigurationName = Release;
		};
/* End XCConfigurationList section */

/* Begin XCRemoteSwiftPackageReference section */
		188F5A2629701AC3001BABF2 /* XCRemoteSwiftPackageReference "SDWebImageSwiftUI" */ = {
			isa = XCRemoteSwiftPackageReference;
			repositoryURL = "https://github.com/SDWebImage/SDWebImageSwiftUI.git";
			requirement = {
				kind = upToNextMajorVersion;
				minimumVersion = 2.0.0;
			};
		};
/* End XCRemoteSwiftPackageReference section */

/* Begin XCSwiftPackageProductDependency section */
		188F5A2729701AC3001BABF2 /* SDWebImageSwiftUI */ = {
			isa = XCSwiftPackageProductDependency;
			package = 188F5A2629701AC3001BABF2 /* XCRemoteSwiftPackageReference "SDWebImageSwiftUI" */;
			productName = SDWebImageSwiftUI;
		};
		18A0BB24299A368E00493164 /* SDWebImageSwiftUI */ = {
			isa = XCSwiftPackageProductDependency;
			package = 188F5A2629701AC3001BABF2 /* XCRemoteSwiftPackageReference "SDWebImageSwiftUI" */;
			productName = SDWebImageSwiftUI;
		};
		18A0BB26299A369200493164 /* SDWebImageSwiftUI */ = {
			isa = XCSwiftPackageProductDependency;
			package = 188F5A2629701AC3001BABF2 /* XCRemoteSwiftPackageReference "SDWebImageSwiftUI" */;
			productName = SDWebImageSwiftUI;
		};
/* End XCSwiftPackageProductDependency section */
	};
	rootObject = 1871CEF3296EA06F00ACCA63 /* Project object */;
}
